PODS:
  - app_links (0.0.1):
    - Flutter
  - Flutter (1.0.0)
  - flutter_custom_tabs (0.0.1):
    - Flutter
  - path_provider_foundation (0.0.1):
    - Flutter
    - FlutterMacOS
  - receive_sharing_intent (0.0.1):
    - Flutter
  - shared_preferences_foundation (0.0.1):
    - Flutter
    - FlutterMacOS
  - sodium_libs (2.1.0):
    - Flutter
  - url_launcher_ios (0.0.1):
    - Flutter
  - webview_flutter_wkwebview (0.0.1):
    - Flutter

DEPENDENCIES:
  - app_links (from `.symlinks/plugins/app_links/ios`)
  - Flutter (from `Flutter`)
  - flutter_custom_tabs (from `.symlinks/plugins/flutter_custom_tabs/ios`)
  - path_provider_foundation (from `.symlinks/plugins/path_provider_foundation/darwin`)
  - receive_sharing_intent (from `.symlinks/plugins/receive_sharing_intent/ios`)
  - shared_preferences_foundation (from `.symlinks/plugins/shared_preferences_foundation/darwin`)
  - sodium_libs (from `.symlinks/plugins/sodium_libs/ios`)
  - url_launcher_ios (from `.symlinks/plugins/url_launcher_ios/ios`)
  - webview_flutter_wkwebview (from `.symlinks/plugins/webview_flutter_wkwebview/ios`)

EXTERNAL SOURCES:
  app_links:
    :path: ".symlinks/plugins/app_links/ios"
  Flutter:
    :path: Flutter
  flutter_custom_tabs:
    :path: ".symlinks/plugins/flutter_custom_tabs/ios"
  path_provider_foundation:
    :path: ".symlinks/plugins/path_provider_foundation/darwin"
  receive_sharing_intent:
    :path: ".symlinks/plugins/receive_sharing_intent/ios"
  shared_preferences_foundation:
    :path: ".symlinks/plugins/shared_preferences_foundation/darwin"
  sodium_libs:
    :path: ".symlinks/plugins/sodium_libs/ios"
  url_launcher_ios:
    :path: ".symlinks/plugins/url_launcher_ios/ios"
  webview_flutter_wkwebview:
    :path: ".symlinks/plugins/webview_flutter_wkwebview/ios"

SPEC CHECKSUMS:
  app_links: e70ca16b4b0f88253b3b3660200d4a10b4ea9795
  Flutter: e0871f40cf51350855a761d2e70bf5af5b9b5de7
  flutter_custom_tabs: 7a10a08686955cb748e5d26e0ae586d30689bf89
  path_provider_foundation: 29f094ae23ebbca9d3d0cec13889cd9060c0e943
  receive_sharing_intent: c0d87310754e74c0f9542947e7cbdf3a0335a3b1
  shared_preferences_foundation: 5b919d13b803cadd15ed2dc053125c68730e5126
  sodium_libs: ede573662dadcbe9823a374c3c970557ad7a4725
  url_launcher_ios: 08a3dfac5fb39e8759aeb0abbd5d9480f30fc8b4
  webview_flutter_wkwebview: be0f0d33777f1bfd0c9fdcb594786704dbf65f36

PODFILE CHECKSUM: c4c93c5f6502fe2754f48404d3594bf779584011

COCOAPODS: 1.15.2
